// !$*UTF8*$!
{
	archiveVersion = 1;
	classes = {
	};
	objectVersion = 46;
	objects = {

/* Begin PBXBuildFile section */
		F439A0D41D57272F0026B3FD /* AppDelegate.swift in Sources */ = {isa = PBXBuildFile; fileRef = F439A0D31D57272F0026B3FD /* AppDelegate.swift */; };
		F439A0D61D57272F0026B3FD /* ViewController.swift in Sources */ = {isa = PBXBuildFile; fileRef = F439A0D51D57272F0026B3FD /* ViewController.swift */; };
		F439A0D91D57272F0026B3FD /* Main.storyboard in Resources */ = {isa = PBXBuildFile; fileRef = F439A0D71D57272F0026B3FD /* Main.storyboard */; };
		F439A0DB1D57272F0026B3FD /* Assets.xcassets in Resources */ = {isa = PBXBuildFile; fileRef = F439A0DA1D57272F0026B3FD /* Assets.xcassets */; };
		F439A0DE1D57272F0026B3FD /* LaunchScreen.storyboard in Resources */ = {isa = PBXBuildFile; fileRef = F439A0DC1D57272F0026B3FD /* LaunchScreen.storyboard */; };
		F439A0E61D5735150026B3FD /* AddViewController.swift in Sources */ = {isa = PBXBuildFile; fileRef = F439A0E51D5735150026B3FD /* AddViewController.swift */; };
		FAA1D7B174265A95D7984505 /* Pods_ToDoApp.framework in Frameworks */ = {isa = PBXBuildFile; fileRef = 22CAB6C704423438B1D9EEF9 /* Pods_ToDoApp.framework */; };
/* End PBXBuildFile section */

/* Begin PBXFileReference section */
		22CAB6C704423438B1D9EEF9 /* Pods_ToDoApp.framework */ = {isa = PBXFileReference; explicitFileType = wrapper.framework; includeInIndex = 0; path = Pods_ToDoApp.framework; sourceTree = BUILT_PRODUCTS_DIR; };
		96275639D3556801A1A17CE9 /* Pods-ToDoApp.release.xcconfig */ = {isa = PBXFileReference; includeInIndex = 1; lastKnownFileType = text.xcconfig; name = "Pods-ToDoApp.release.xcconfig"; path = "Pods/Target Support Files/Pods-ToDoApp/Pods-ToDoApp.release.xcconfig"; sourceTree = "<group>"; };
		C24D45831F3C3CAFDC94828B /* Pods-ToDoApp.debug.xcconfig */ = {isa = PBXFileReference; includeInIndex = 1; lastKnownFileType = text.xcconfig; name = "Pods-ToDoApp.debug.xcconfig"; path = "Pods/Target Support Files/Pods-ToDoApp/Pods-ToDoApp.debug.xcconfig"; sourceTree = "<group>"; };
		F439A0D01D57272F0026B3FD /* ToDoApp.app */ = {isa = PBXFileReference; explicitFileType = wrapper.application; includeInIndex = 0; path = ToDoApp.app; sourceTree = BUILT_PRODUCTS_DIR; };
		F439A0D31D57272F0026B3FD /* AppDelegate.swift */ = {isa = PBXFileReference; lastKnownFileType = sourcecode.swift; path = AppDelegate.swift; sourceTree = "<group>"; };
		F439A0D51D57272F0026B3FD /* ViewController.swift */ = {isa = PBXFileReference; lastKnownFileType = sourcecode.swift; path = ViewController.swift; sourceTree = "<group>"; };
		F439A0D81D57272F0026B3FD /* Base */ = {isa = PBXFileReference; lastKnownFileType = file.storyboard; name = Base; path = Base.lproj/Main.storyboard; sourceTree = "<group>"; };
		F439A0DA1D57272F0026B3FD /* Assets.xcassets */ = {isa = PBXFileReference; lastKnownFileType = folder.assetcatalog; path = Assets.xcassets; sourceTree = "<group>"; };
		F439A0DD1D57272F0026B3FD /* Base */ = {isa = PBXFileReference; lastKnownFileType = file.storyboard; name = Base; path = Base.lproj/LaunchScreen.storyboard; sourceTree = "<group>"; };
		F439A0DF1D57272F0026B3FD /* Info.plist */ = {isa = PBXFileReference; lastKnownFileType = text.plist.xml; path = Info.plist; sourceTree = "<group>"; };
		F439A0E51D5735150026B3FD /* AddViewController.swift */ = {isa = PBXFileReference; fileEncoding = 4; lastKnownFileType = sourcecode.swift; path = AddViewController.swift; sourceTree = "<group>"; };
/* End PBXFileReference section */

/* Begin PBXFrameworksBuildPhase section */
		F439A0CD1D57272F0026B3FD /* Frameworks */ = {
			isa = PBXFrameworksBuildPhase;
			buildActionMask = 2147483647;
			files = (
				FAA1D7B174265A95D7984505 /* Pods_ToDoApp.framework in Frameworks */,
			);
			runOnlyForDeploymentPostprocessing = 0;
		};
/* End PBXFrameworksBuildPhase section */

/* Begin PBXGroup section */
		00710D26642DBF42208E8736 /* Pods */ = {
			isa = PBXGroup;
			children = (
				C24D45831F3C3CAFDC94828B /* Pods-ToDoApp.debug.xcconfig */,
				96275639D3556801A1A17CE9 /* Pods-ToDoApp.release.xcconfig */,
			);
			name = Pods;
			sourceTree = "<group>";
		};
		B2029195061F2DE77E2C64E1 /* Frameworks */ = {
			isa = PBXGroup;
			children = (
				22CAB6C704423438B1D9EEF9 /* Pods_ToDoApp.framework */,
			);
			name = Frameworks;
			sourceTree = "<group>";
		};
		F439A0C71D57272F0026B3FD = {
			isa = PBXGroup;
			children = (
				F439A0D21D57272F0026B3FD /* ToDoApp */,
				F439A0D11D57272F0026B3FD /* Products */,
				00710D26642DBF42208E8736 /* Pods */,
				B2029195061F2DE77E2C64E1 /* Frameworks */,
			);
			sourceTree = "<group>";
		};
		F439A0D11D57272F0026B3FD /* Products */ = {
			isa = PBXGroup;
			children = (
				F439A0D01D57272F0026B3FD /* ToDoApp.app */,
			);
			name = Products;
			sourceTree = "<group>";
		};
		F439A0D21D57272F0026B3FD /* ToDoApp */ = {
			isa = PBXGroup;
			children = (
				F439A0D31D57272F0026B3FD /* AppDelegate.swift */,
				F439A0D51D57272F0026B3FD /* ViewController.swift */,
				F439A0D71D57272F0026B3FD /* Main.storyboard */,
				F439A0DA1D57272F0026B3FD /* Assets.xcassets */,
				F439A0DC1D57272F0026B3FD /* LaunchScreen.storyboard */,
				F439A0DF1D57272F0026B3FD /* Info.plist */,
				F439A0E51D5735150026B3FD /* AddViewController.swift */,
			);
			path = ToDoApp;
			sourceTree = "<group>";
		};
/* End PBXGroup section */

/* Begin PBXNativeTarget section */
		F439A0CF1D57272F0026B3FD /* ToDoApp */ = {
			isa = PBXNativeTarget;
			buildConfigurationList = F439A0E21D57272F0026B3FD /* Build configuration list for PBXNativeTarget "ToDoApp" */;
			buildPhases = (
				755B9C25877897E916515455 /* [CP] Check Pods Manifest.lock */,
				F439A0CC1D57272F0026B3FD /* Sources */,
				F439A0CD1D57272F0026B3FD /* Frameworks */,
				F439A0CE1D57272F0026B3FD /* Resources */,
				CE425581343D7F1D32DE01FA /* [CP] Embed Pods Frameworks */,
				6492A779D1BED4F9ABE24307 /* [CP] Copy Pods Resources */,
			);
			buildRules = (
			);
			dependencies = (
			);
			name = ToDoApp;
			productName = ToDoApp;
			productReference = F439A0D01D57272F0026B3FD /* ToDoApp.app */;
			productType = "com.apple.product-type.application";
		};
/* End PBXNativeTarget section */

/* Begin PBXProject section */
		F439A0C81D57272F0026B3FD /* Project object */ = {
			isa = PBXProject;
			attributes = {
				LastSwiftUpdateCheck = 0730;
				LastUpgradeCheck = 0730;
				ORGANIZATIONNAME = AppCoda;
				TargetAttributes = {
					F439A0CF1D57272F0026B3FD = {
						CreatedOnToolsVersion = 7.3.1;
					};
				};
			};
			buildConfigurationList = F439A0CB1D57272F0026B3FD /* Build configuration list for PBXProject "ToDoApp" */;
			compatibilityVersion = "Xcode 3.2";
			developmentRegion = English;
			hasScannedForEncodings = 0;
			knownRegions = (
				en,
				Base,
			);
			mainGroup = F439A0C71D57272F0026B3FD;
			productRefGroup = F439A0D11D57272F0026B3FD /* Products */;
			projectDirPath = "";
			projectRoot = "";
			targets = (
				F439A0CF1D57272F0026B3FD /* ToDoApp */,
			);
		};
/* End PBXProject section */

/* Begin PBXResourcesBuildPhase section */
		F439A0CE1D57272F0026B3FD /* Resources */ = {
			isa = PBXResourcesBuildPhase;
			buildActionMask = 2147483647;
			files = (
				F439A0DE1D57272F0026B3FD /* LaunchScreen.storyboard in Resources */,
				F439A0DB1D57272F0026B3FD /* Assets.xcassets in Resources */,
				F439A0D91D57272F0026B3FD /* Main.storyboard in Resources */,
			);
			runOnlyForDeploymentPostprocessing = 0;
		};
/* End PBXResourcesBuildPhase section */

/* Begin PBXShellScriptBuildPhase section */
		6492A779D1BED4F9ABE24307 /* [CP] Copy Pods Resources */ = {
			isa = PBXShellScriptBuildPhase;
			buildActionMask = 2147483647;
			files = (
			);
			inputPaths = (
			);
			name = "[CP] Copy Pods Resources";
			outputPaths = (
			);
			runOnlyForDeploymentPostprocessing = 0;
			shellPath = /bin/sh;
			shellScript = "\"${SRCROOT}/Pods/Target Support Files/Pods-ToDoApp/Pods-ToDoApp-resources.sh\"\n";
			showEnvVarsInLog = 0;
		};
		755B9C25877897E916515455 /* [CP] Check Pods Manifest.lock */ = {
			isa = PBXShellScriptBuildPhase;
			buildActionMask = 2147483647;
			files = (
			);
			inputPaths = (
			);
			name = "[CP] Check Pods Manifest.lock";
			outputPaths = (
			);
			runOnlyForDeploymentPostprocessing = 0;
			shellPath = /bin/sh;
			shellScript = "diff \"${PODS_ROOT}/../Podfile.lock\" \"${PODS_ROOT}/Manifest.lock\" > /dev/null\nif [[ $? != 0 ]] ; then\n    cat << EOM\nerror: The sandbox is not in sync with the Podfile.lock. Run 'pod install' or update your CocoaPods installation.\nEOM\n    exit 1\nfi\n";
			showEnvVarsInLog = 0;
		};
		CE425581343D7F1D32DE01FA /* [CP] Embed Pods Frameworks */ = {
			isa = PBXShellScriptBuildPhase;
			buildActionMask = 2147483647;
			files = (
			);
			inputPaths = (
			);
			name = "[CP] Embed Pods Frameworks";
			outputPaths = (
			);
			runOnlyForDeploymentPostprocessing = 0;
			shellPath = /bin/sh;
			shellScript = "\"${SRCROOT}/Pods/Target Support Files/Pods-ToDoApp/Pods-ToDoApp-frameworks.sh\"\n";
			showEnvVarsInLog = 0;
		};
/* End PBXShellScriptBuildPhase section */

/* Begin PBXSourcesBuildPhase section */
		F439A0CC1D57272F0026B3FD /* Sources */ = {
			isa = PBXSourcesBuildPhase;
			buildActionMask = 2147483647;
			files = (
				F439A0D61D57272F0026B3FD /* ViewController.swift in Sources */,
				F439A0D41D57272F0026B3FD /* AppDelegate.swift in Sources */,
				F439A0E61D5735150026B3FD /* AddViewController.swift in Sources */,
			);
			runOnlyForDeploymentPostprocessing = 0;
		};
/* End PBXSourcesBuildPhase section */

/* Begin PBXVariantGroup section */
		F439A0D71D57272F0026B3FD /* Main.storyboard */ = {
			isa = PBXVariantGroup;
			children = (
				F439A0D81D57272F0026B3FD /* Base */,
			);
			name = Main.storyboard;
			sourceTree = "<group>";
		};
		F439A0DC1D57272F0026B3FD /* LaunchScreen.storyboard */ = {
			isa = PBXVariantGroup;
			children = (
				F439A0DD1D57272F0026B3FD /* Base */,
			);
			name = LaunchScreen.storyboard;
			sourceTree = "<group>";
		};
/* End PBXVariantGroup section */

/* Begin XCBuildConfiguration section */
		F439A0E01D57272F0026B3FD /* Debug */ = {
			isa = XCBuildConfiguration;
			buildSettings = {
				ALWAYS_SEARCH_USER_PATHS = NO;
				CLANG_ANALYZER_NONNULL = YES;
				CLANG_CXX_LANGUAGE_STANDARD = "gnu++0x";
				CLANG_CXX_LIBRARY = "libc++";
				CLANG_ENABLE_MODULES = YES;
				CLANG_ENABLE_OBJC_ARC = YES;
				CLANG_WARN_BOOL_CONVERSION = YES;
				CLANG_WARN_CONSTANT_CONVERSION = YES;
				CLANG_WARN_DIRECT_OBJC_ISA_USAGE = YES_ERROR;
				CLANG_WARN_EMPTY_BODY = YES;
				CLANG_WARN_ENUM_CONVERSION = YES;
				CLANG_WARN_INT_CONVERSION = YES;
				CLANG_WARN_OBJC_ROOT_CLASS = YES_ERROR;
				CLANG_WARN_UNREACHABLE_CODE = YES;
				CLANG_WARN__DUPLICATE_METHOD_MATCH = YES;
				"CODE_SIGN_IDENTITY[sdk=iphoneos*]" = "iPhone Developer";
				COPY_PHASE_STRIP = NO;
				DEBUG_INFORMATION_FORMAT = dwarf;
				ENABLE_STRICT_OBJC_MSGSEND = YES;
				ENABLE_TESTABILITY = YES;
				GCC_C_LANGUAGE_STANDARD = gnu99;
				GCC_DYNAMIC_NO_PIC = NO;
				GCC_NO_COMMON_BLOCKS = YES;
				GCC_OPTIMIZATION_LEVEL = 0;
				GCC_PREPROCESSOR_DEFINITIONS = (
					"DEBUG=1",
					"$(inherited)",
				);
				GCC_WARN_64_TO_32_BIT_CONVERSION = YES;
				GCC_WARN_ABOUT_RETURN_TYPE = YES_ERROR;
				GCC_WARN_UNDECLARED_SELECTOR = YES;
				GCC_WARN_UNINITIALIZED_AUTOS = YES_AGGRESSIVE;
				GCC_WARN_UNUSED_FUNCTION = YES;
				GCC_WARN_UNUSED_VARIABLE = YES;
				IPHONEOS_DEPLOYMENT_TARGET = 9.3;
				MTL_ENABLE_DEBUG_INFO = YES;
				ONLY_ACTIVE_ARCH = YES;
				SDKROOT = iphoneos;
				SWIFT_OPTIMIZATION_LEVEL = "-Onone";
			};
			name = Debug;
		};
		F439A0E11D57272F0026B3FD /* Release */ = {
			isa = XCBuildConfiguration;
			buildSettings = {
				ALWAYS_SEARCH_USER_PATHS = NO;
				CLANG_ANALYZER_NONNULL = YES;
				CLANG_CXX_LANGUAGE_STANDARD = "gnu++0x";
				CLANG_CXX_LIBRARY = "libc++";
				CLANG_ENABLE_MODULES = YES;
				CLANG_ENABLE_OBJC_ARC = YES;
				CLANG_WARN_BOOL_CONVERSION = YES;
				CLANG_WARN_CONSTANT_CONVERSION = YES;
				CLANG_WARN_DIRECT_OBJC_ISA_USAGE = YES_ERROR;
				CLANG_WARN_EMPTY_BODY = YES;
				CLANG_WARN_ENUM_CONVERSION = YES;
				CLANG_WARN_INT_CONVERSION = YES;
				CLANG_WARN_OBJC_ROOT_CLASS = YES_ERROR;
				CLANG_WARN_UNREACHABLE_CODE = YES;
				CLANG_WARN__DUPLICATE_METHOD_MATCH = YES;
				"CODE_SIGN_IDENTITY[sdk=iphoneos*]" = "iPhone Developer";
				COPY_PHASE_STRIP = NO;
				DEBUG_INFORMATION_FORMAT = "dwarf-with-dsym";
				ENABLE_NS_ASSERTIONS = NO;
				ENABLE_STRICT_OBJC_MSGSEND = YES;
				GCC_C_LANGUAGE_STANDARD = gnu99;
				GCC_NO_COMMON_BLOCKS = YES;
				GCC_WARN_64_TO_32_BIT_CONVERSION = YES;
				GCC_WARN_ABOUT_RETURN_TYPE = YES_ERROR;
				GCC_WARN_UNDECLARED_SELECTOR = YES;
				GCC_WARN_UNINITIALIZED_AUTOS = YES_AGGRESSIVE;
				GCC_WARN_UNUSED_FUNCTION = YES;
				GCC_WARN_UNUSED_VARIABLE = YES;
				IPHONEOS_DEPLOYMENT_TARGET = 9.3;
				MTL_ENABLE_DEBUG_INFO = NO;
				SDKROOT = iphoneos;
				VALIDATE_PRODUCT = YES;
			};
			name = Release;
		};
		F439A0E31D57272F0026B3FD /* Debug */ = {
			isa = XCBuildConfiguration;
			baseConfigurationReference = C24D45831F3C3CAFDC94828B /* Pods-ToDoApp.debug.xcconfig */;
			buildSettings = {
				ASSETCATALOG_COMPILER_APPICON_NAME = AppIcon;
				INFOPLIST_FILE = ToDoApp/Info.plist;
				LD_RUNPATH_SEARCH_PATHS = "$(inherited) @executable_path/Frameworks";
				PRODUCT_BUNDLE_IDENTIFIER = com.appcoda.ToDoApp;
				PRODUCT_NAME = "$(TARGET_NAME)";
			};
			name = Debug;
		};
		F439A0E41D57272F0026B3FD /* Release */ = {
			isa = XCBuildConfiguration;
			baseConfigurationReference = 96275639D3556801A1A17CE9 /* Pods-ToDoApp.release.xcconfig */;
			buildSettings = {
				ASSETCATALOG_COMPILER_APPICON_NAME = AppIcon;
				INFOPLIST_FILE = ToDoApp/Info.plist;
				LD_RUNPATH_SEARCH_PATHS = "$(inherited) @executable_path/Frameworks";
				PRODUCT_BUNDLE_IDENTIFIER = com.appcoda.ToDoApp;
				PRODUCT_NAME = "$(TARGET_NAME)";
			};
			name = Release;
		};
/* End XCBuildConfiguration section */

/* Begin XCConfigurationList section */
		F439A0CB1D57272F0026B3FD /* Build configuration list for PBXProject "ToDoApp" */ = {
			isa = XCConfigurationList;
			buildConfigurations = (
				F439A0E01D57272F0026B3FD /* Debug */,
				F439A0E11D57272F0026B3FD /* Release */,
			);
			defaultConfigurationIsVisible = 0;
			defaultConfigurationName = Release;
		};
		F439A0E21D57272F0026B3FD /* Build configuration list for PBXNativeTarget "ToDoApp" */ = {
			isa = XCConfigurationList;
			buildConfigurations = (
				F439A0E31D57272F0026B3FD /* Debug */,
				F439A0E41D57272F0026B3FD /* Release */,
			);
			defaultConfigurationIsVisible = 0;
			defaultConfigurationName = Release;
		};
/* End XCConfigurationList section */
	};
	rootObject = F439A0C81D57272F0026B3FD /* Project object */;
}
